
Microsoft Visual Studio Solution File, Format Version 12.00
# Visual Studio Version 16
VisualStudioVersion = 16.0.31624.102
MinimumVisualStudioVersion = 10.0.40219.1
Project("{FAE04EC0-301F-11D3-BF4B-00C04F79EFBC}") = "CheckPreferredImeConversionModeWPF", "CheckPreferredImeConversionModeWPF\CheckPreferredImeConversionModeWPF.csproj", "{8C30B9F5-F990-4C6F-B1A0-07D453820DFC}"
EndProject
Global
	GlobalSection(SolutionConfigurationPlatforms) = preSolution
		Debug|Any CPU = Debug|Any CPU
		Release|Any CPU = Release|Any CPU
	EndGlobalSection
	GlobalSection(ProjectConfigurationPlatforms) = postSolution
		{8C30B9F5-F990-4C6F-B1A0-07D453820DFC}.Debug|Any CPU.ActiveCfg = Debug|Any CPU
		{8C30B9F5-F990-4C6F-B1A0-07D453820DFC}.Debug|Any CPU.Build.0 = Debug|Any CPU
		{8C30B9F5-F990-4C6F-B1A0-07D453820DFC}.Release|Any CPU.ActiveCfg = Release|Any CPU
		{8C30B9F5-F990-4C6F-B1A0-07D453820DFC}.Release|Any CPU.Build.0 = Release|Any CPU
	EndGlobalSection
	GlobalSection(SolutionProperties) = preSolution
		HideSolutionNode = FALSE
	EndGlobalSection
	GlobalSection(ExtensibilityGlobals) = postSolution
		SolutionGuid = {315BC6BF-0256-454F-952A-4AB9ECAD9404}
	EndGlobalSection
EndGlobal
